// !$*UTF8*$!
{
	archiveVersion = 1;
	classes = {
	};
	objectVersion = 56;
	objects = {

/* Begin PBXBuildFile section */
		2CE85C9B2BEBA0200063F36F /* BeevApp.swift in Sources */ = {isa = PBXBuildFile; fileRef = 2CE85C9A2BEBA0200063F36F /* BeevApp.swift */; };
		2CE85C9D2BEBA0200063F36F /* ContentView.swift in Sources */ = {isa = PBXBuildFile; fileRef = 2CE85C9C2BEBA0200063F36F /* ContentView.swift */; };
		2CE85C9F2BEBA0220063F36F /* Assets.xcassets in Resources */ = {isa = PBXBuildFile; fileRef = 2CE85C9E2BEBA0220063F36F /* Assets.xcassets */; };
		2CE85CA22BEBA0220063F36F /* Preview Assets.xcassets in Resources */ = {isa = PBXBuildFile; fileRef = 2CE85CA12BEBA0220063F36F /* Preview Assets.xcassets */; };
		2CE85CA42BEBA0220063F36F /* Persistence.swift in Sources */ = {isa = PBXBuildFile; fileRef = 2CE85CA32BEBA0220063F36F /* Persistence.swift */; };
		2CE85CA72BEBA0220063F36F /* Beev.xcdatamodeld in Sources */ = {isa = PBXBuildFile; fileRef = 2CE85CA52BEBA0220063F36F /* Beev.xcdatamodeld */; };
		2CE85CB42BECC9310063F36F /* GeneralView.swift in Sources */ = {isa = PBXBuildFile; fileRef = 2CE85CB32BECC9310063F36F /* GeneralView.swift */; };
		CDCD4C032BECCB2D00E32E21 /* CloudKitUser.swift in Sources */ = {isa = PBXBuildFile; fileRef = CDCD4C022BECCB2D00E32E21 /* CloudKitUser.swift */; };
		E45FD9AE2BECB64900B1C6AB /* Fountains.swift in Sources */ = {isa = PBXBuildFile; fileRef = E45FD9AD2BECB64900B1C6AB /* Fountains.swift */; };
		E45FD9B02BECB89000B1C6AB /* Markers.swift in Sources */ = {isa = PBXBuildFile; fileRef = E45FD9AF2BECB89000B1C6AB /* Markers.swift */; };
		E45FD9B22BECBC5400B1C6AB /* MarkerCardView.swift in Sources */ = {isa = PBXBuildFile; fileRef = E45FD9B12BECBC5400B1C6AB /* MarkerCardView.swift */; };
		E479C3092BED1617006EC7E4 /* LocationDetailView.swift in Sources */ = {isa = PBXBuildFile; fileRef = E479C3082BED1617006EC7E4 /* LocationDetailView.swift */; };
		E4F9B8A22BEBBCC4000A2357 /* MainMapView.swift in Sources */ = {isa = PBXBuildFile; fileRef = E4F9B8A12BEBBCC4000A2357 /* MainMapView.swift */; };
/* End PBXBuildFile section */

/* Begin PBXFileReference section */
		2CE85C972BEBA0200063F36F /* Beev.app */ = {isa = PBXFileReference; explicitFileType = wrapper.application; includeInIndex = 0; path = Beev.app; sourceTree = BUILT_PRODUCTS_DIR; };
		2CE85C9A2BEBA0200063F36F /* BeevApp.swift */ = {isa = PBXFileReference; lastKnownFileType = sourcecode.swift; path = BeevApp.swift; sourceTree = "<group>"; };
		2CE85C9C2BEBA0200063F36F /* ContentView.swift */ = {isa = PBXFileReference; lastKnownFileType = sourcecode.swift; path = ContentView.swift; sourceTree = "<group>"; };
		2CE85C9E2BEBA0220063F36F /* Assets.xcassets */ = {isa = PBXFileReference; lastKnownFileType = folder.assetcatalog; path = Assets.xcassets; sourceTree = "<group>"; };
		2CE85CA12BEBA0220063F36F /* Preview Assets.xcassets */ = {isa = PBXFileReference; lastKnownFileType = folder.assetcatalog; path = "Preview Assets.xcassets"; sourceTree = "<group>"; };
		2CE85CA32BEBA0220063F36F /* Persistence.swift */ = {isa = PBXFileReference; lastKnownFileType = sourcecode.swift; path = Persistence.swift; sourceTree = "<group>"; };
		2CE85CA62BEBA0220063F36F /* Beev.xcdatamodel */ = {isa = PBXFileReference; lastKnownFileType = wrapper.xcdatamodel; path = Beev.xcdatamodel; sourceTree = "<group>"; };
		2CE85CB32BECC9310063F36F /* GeneralView.swift */ = {isa = PBXFileReference; lastKnownFileType = sourcecode.swift; path = GeneralView.swift; sourceTree = "<group>"; };
		CDCD4BC12BEC217C00E32E21 /* Beev.entitlements */ = {isa = PBXFileReference; lastKnownFileType = text.plist.entitlements; path = Beev.entitlements; sourceTree = "<group>"; };
		CDCD4C022BECCB2D00E32E21 /* CloudKitUser.swift */ = {isa = PBXFileReference; lastKnownFileType = sourcecode.swift; path = CloudKitUser.swift; sourceTree = "<group>"; };
		E45FD9AD2BECB64900B1C6AB /* Fountains.swift */ = {isa = PBXFileReference; lastKnownFileType = sourcecode.swift; path = Fountains.swift; sourceTree = "<group>"; };
		E45FD9AF2BECB89000B1C6AB /* Markers.swift */ = {isa = PBXFileReference; lastKnownFileType = sourcecode.swift; path = Markers.swift; sourceTree = "<group>"; };
		E45FD9B12BECBC5400B1C6AB /* MarkerCardView.swift */ = {isa = PBXFileReference; lastKnownFileType = sourcecode.swift; path = MarkerCardView.swift; sourceTree = "<group>"; };
		E45FD9B32BECC61300B1C6AB /* Info.plist */ = {isa = PBXFileReference; lastKnownFileType = text.plist.xml; path = Info.plist; sourceTree = "<group>"; };
		E479C3082BED1617006EC7E4 /* LocationDetailView.swift */ = {isa = PBXFileReference; lastKnownFileType = sourcecode.swift; path = LocationDetailView.swift; sourceTree = "<group>"; };
		E4F9B8A12BEBBCC4000A2357 /* MainMapView.swift */ = {isa = PBXFileReference; lastKnownFileType = sourcecode.swift; path = MainMapView.swift; sourceTree = "<group>"; };
/* End PBXFileReference section */

/* Begin PBXFrameworksBuildPhase section */
		2CE85C942BEBA0200063F36F /* Frameworks */ = {
			isa = PBXFrameworksBuildPhase;
			buildActionMask = 2147483647;
			files = (
			);
			runOnlyForDeploymentPostprocessing = 0;
		};
/* End PBXFrameworksBuildPhase section */

/* Begin PBXGroup section */
		2CE85C8E2BEBA0200063F36F = {
			isa = PBXGroup;
			children = (
				2CE85C992BEBA0200063F36F /* Beev */,
				2CE85C982BEBA0200063F36F /* Products */,
			);
			sourceTree = "<group>";
		};
		2CE85C982BEBA0200063F36F /* Products */ = {
			isa = PBXGroup;
			children = (
				2CE85C972BEBA0200063F36F /* Beev.app */,
			);
			name = Products;
			sourceTree = "<group>";
		};
		2CE85C992BEBA0200063F36F /* Beev */ = {
			isa = PBXGroup;
			children = (
				E45FD9B32BECC61300B1C6AB /* Info.plist */,
				CDCD4BC12BEC217C00E32E21 /* Beev.entitlements */,
				2CE85C9A2BEBA0200063F36F /* BeevApp.swift */,
				2CE85C9C2BEBA0200063F36F /* ContentView.swift */,
				2CE85C9E2BEBA0220063F36F /* Assets.xcassets */,
				2CE85CA32BEBA0220063F36F /* Persistence.swift */,
				CDCD4C022BECCB2D00E32E21 /* CloudKitUser.swift */,
				2CE85CA52BEBA0220063F36F /* Beev.xcdatamodeld */,
				2CE85CA02BEBA0220063F36F /* Preview Content */,
				E4F9B8A12BEBBCC4000A2357 /* MainMapView.swift */,
				E45FD9AD2BECB64900B1C6AB /* Fountains.swift */,
				E45FD9AF2BECB89000B1C6AB /* Markers.swift */,
				E45FD9B12BECBC5400B1C6AB /* MarkerCardView.swift */,
				2CE85CB32BECC9310063F36F /* GeneralView.swift */,
				E479C3082BED1617006EC7E4 /* LocationDetailView.swift */,
			);
			path = Beev;
			sourceTree = "<group>";
		};
		2CE85CA02BEBA0220063F36F /* Preview Content */ = {
			isa = PBXGroup;
			children = (
				2CE85CA12BEBA0220063F36F /* Preview Assets.xcassets */,
			);
			path = "Preview Content";
			sourceTree = "<group>";
		};
/* End PBXGroup section */

/* Begin PBXNativeTarget section */
		2CE85C962BEBA0200063F36F /* Beev */ = {
			isa = PBXNativeTarget;
			buildConfigurationList = 2CE85CAA2BEBA0220063F36F /* Build configuration list for PBXNativeTarget "Beev" */;
			buildPhases = (
				2CE85C932BEBA0200063F36F /* Sources */,
				2CE85C942BEBA0200063F36F /* Frameworks */,
				2CE85C952BEBA0200063F36F /* Resources */,
			);
			buildRules = (
			);
			dependencies = (
			);
			name = Beev;
			productName = Beev;
			productReference = 2CE85C972BEBA0200063F36F /* Beev.app */;
			productType = "com.apple.product-type.application";
		};
/* End PBXNativeTarget section */

/* Begin PBXProject section */
		2CE85C8F2BEBA0200063F36F /* Project object */ = {
			isa = PBXProject;
			attributes = {
				BuildIndependentTargetsInParallel = 1;
				LastSwiftUpdateCheck = 1530;
				LastUpgradeCheck = 1530;
				TargetAttributes = {
					2CE85C962BEBA0200063F36F = {
						CreatedOnToolsVersion = 15.3;
					};
				};
			};
			buildConfigurationList = 2CE85C922BEBA0200063F36F /* Build configuration list for PBXProject "Beev" */;
			compatibilityVersion = "Xcode 14.0";
			developmentRegion = en;
			hasScannedForEncodings = 0;
			knownRegions = (
				en,
				Base,
			);
			mainGroup = 2CE85C8E2BEBA0200063F36F;
			productRefGroup = 2CE85C982BEBA0200063F36F /* Products */;
			projectDirPath = "";
			projectRoot = "";
			targets = (
				2CE85C962BEBA0200063F36F /* Beev */,
			);
		};
/* End PBXProject section */

/* Begin PBXResourcesBuildPhase section */
		2CE85C952BEBA0200063F36F /* Resources */ = {
			isa = PBXResourcesBuildPhase;
			buildActionMask = 2147483647;
			files = (
				2CE85CA22BEBA0220063F36F /* Preview Assets.xcassets in Resources */,
				2CE85C9F2BEBA0220063F36F /* Assets.xcassets in Resources */,
			);
			runOnlyForDeploymentPostprocessing = 0;
		};
/* End PBXResourcesBuildPhase section */

/* Begin PBXSourcesBuildPhase section */
		2CE85C932BEBA0200063F36F /* Sources */ = {
			isa = PBXSourcesBuildPhase;
			buildActionMask = 2147483647;
			files = (
				2CE85CA42BEBA0220063F36F /* Persistence.swift in Sources */,
				CDCD4C032BECCB2D00E32E21 /* CloudKitUser.swift in Sources */,
				E479C3092BED1617006EC7E4 /* LocationDetailView.swift in Sources */,
				2CE85C9D2BEBA0200063F36F /* ContentView.swift in Sources */,
				2CE85C9B2BEBA0200063F36F /* BeevApp.swift in Sources */,
				E4F9B8A22BEBBCC4000A2357 /* MainMapView.swift in Sources */,
				2CE85CA72BEBA0220063F36F /* Beev.xcdatamodeld in Sources */,
				E45FD9AE2BECB64900B1C6AB /* Fountains.swift in Sources */,
				2CE85CB42BECC9310063F36F /* GeneralView.swift in Sources */,
				E45FD9B22BECBC5400B1C6AB /* MarkerCardView.swift in Sources */,
				E45FD9B02BECB89000B1C6AB /* Markers.swift in Sources */,
			);
			runOnlyForDeploymentPostprocessing = 0;
		};
/* End PBXSourcesBuildPhase section */

/* Begin XCBuildConfiguration section */
		2CE85CA82BEBA0220063F36F /* Debug */ = {
			isa = XCBuildConfiguration;
			buildSettings = {
				ALWAYS_SEARCH_USER_PATHS = NO;
				ASSETCATALOG_COMPILER_GENERATE_SWIFT_ASSET_SYMBOL_EXTENSIONS = YES;
				CLANG_ANALYZER_NONNULL = YES;
				CLANG_ANALYZER_NUMBER_OBJECT_CONVERSION = YES_AGGRESSIVE;
				CLANG_CXX_LANGUAGE_STANDARD = "gnu++20";
				CLANG_ENABLE_MODULES = YES;
				CLANG_ENABLE_OBJC_ARC = YES;
				CLANG_ENABLE_OBJC_WEAK = YES;
				CLANG_WARN_BLOCK_CAPTURE_AUTORELEASING = YES;
				CLANG_WARN_BOOL_CONVERSION = YES;
				CLANG_WARN_COMMA = YES;
				CLANG_WARN_CONSTANT_CONVERSION = YES;
				CLANG_WARN_DEPRECATED_OBJC_IMPLEMENTATIONS = YES;
				CLANG_WARN_DIRECT_OBJC_ISA_USAGE = YES_ERROR;
				CLANG_WARN_DOCUMENTATION_COMMENTS = YES;
				CLANG_WARN_EMPTY_BODY = YES;
				CLANG_WARN_ENUM_CONVERSION = YES;
				CLANG_WARN_INFINITE_RECURSION = YES;
				CLANG_WARN_INT_CONVERSION = YES;
				CLANG_WARN_NON_LITERAL_NULL_CONVERSION = YES;
				CLANG_WARN_OBJC_IMPLICIT_RETAIN_SELF = YES;
				CLANG_WARN_OBJC_LITERAL_CONVERSION = YES;
				CLANG_WARN_OBJC_ROOT_CLASS = YES_ERROR;
				CLANG_WARN_QUOTED_INCLUDE_IN_FRAMEWORK_HEADER = YES;
				CLANG_WARN_RANGE_LOOP_ANALYSIS = YES;
				CLANG_WARN_STRICT_PROTOTYPES = YES;
				CLANG_WARN_SUSPICIOUS_MOVE = YES;
				CLANG_WARN_UNGUARDED_AVAILABILITY = YES_AGGRESSIVE;
				CLANG_WARN_UNREACHABLE_CODE = YES;
				CLANG_WARN__DUPLICATE_METHOD_MATCH = YES;
				COPY_PHASE_STRIP = NO;
				DEBUG_INFORMATION_FORMAT = dwarf;
				ENABLE_STRICT_OBJC_MSGSEND = YES;
				ENABLE_TESTABILITY = YES;
				ENABLE_USER_SCRIPT_SANDBOXING = YES;
				GCC_C_LANGUAGE_STANDARD = gnu17;
				GCC_DYNAMIC_NO_PIC = NO;
				GCC_NO_COMMON_BLOCKS = YES;
				GCC_OPTIMIZATION_LEVEL = 0;
				GCC_PREPROCESSOR_DEFINITIONS = (
					"DEBUG=1",
					"$(inherited)",
				);
				GCC_WARN_64_TO_32_BIT_CONVERSION = YES;
				GCC_WARN_ABOUT_RETURN_TYPE = YES_ERROR;
				GCC_WARN_UNDECLARED_SELECTOR = YES;
				GCC_WARN_UNINITIALIZED_AUTOS = YES_AGGRESSIVE;
				GCC_WARN_UNUSED_FUNCTION = YES;
				GCC_WARN_UNUSED_VARIABLE = YES;
				IPHONEOS_DEPLOYMENT_TARGET = 17.4;
				LOCALIZATION_PREFERS_STRING_CATALOGS = YES;
				MTL_ENABLE_DEBUG_INFO = INCLUDE_SOURCE;
				MTL_FAST_MATH = YES;
				ONLY_ACTIVE_ARCH = YES;
				SDKROOT = iphoneos;
				SWIFT_ACTIVE_COMPILATION_CONDITIONS = "DEBUG $(inherited)";
				SWIFT_OPTIMIZATION_LEVEL = "-Onone";
			};
			name = Debug;
		};
		2CE85CA92BEBA0220063F36F /* Release */ = {
			isa = XCBuildConfiguration;
			buildSettings = {
				ALWAYS_SEARCH_USER_PATHS = NO;
				ASSETCATALOG_COMPILER_GENERATE_SWIFT_ASSET_SYMBOL_EXTENSIONS = YES;
				CLANG_ANALYZER_NONNULL = YES;
				CLANG_ANALYZER_NUMBER_OBJECT_CONVERSION = YES_AGGRESSIVE;
				CLANG_CXX_LANGUAGE_STANDARD = "gnu++20";
				CLANG_ENABLE_MODULES = YES;
				CLANG_ENABLE_OBJC_ARC = YES;
				CLANG_ENABLE_OBJC_WEAK = YES;
				CLANG_WARN_BLOCK_CAPTURE_AUTORELEASING = YES;
				CLANG_WARN_BOOL_CONVERSION = YES;
				CLANG_WARN_COMMA = YES;
				CLANG_WARN_CONSTANT_CONVERSION = YES;
				CLANG_WARN_DEPRECATED_OBJC_IMPLEMENTATIONS = YES;
				CLANG_WARN_DIRECT_OBJC_ISA_USAGE = YES_ERROR;
				CLANG_WARN_DOCUMENTATION_COMMENTS = YES;
				CLANG_WARN_EMPTY_BODY = YES;
				CLANG_WARN_ENUM_CONVERSION = YES;
				CLANG_WARN_INFINITE_RECURSION = YES;
				CLANG_WARN_INT_CONVERSION = YES;
				CLANG_WARN_NON_LITERAL_NULL_CONVERSION = YES;
				CLANG_WARN_OBJC_IMPLICIT_RETAIN_SELF = YES;
				CLANG_WARN_OBJC_LITERAL_CONVERSION = YES;
				CLANG_WARN_OBJC_ROOT_CLASS = YES_ERROR;
				CLANG_WARN_QUOTED_INCLUDE_IN_FRAMEWORK_HEADER = YES;
				CLANG_WARN_RANGE_LOOP_ANALYSIS = YES;
				CLANG_WARN_STRICT_PROTOTYPES = YES;
				CLANG_WARN_SUSPICIOUS_MOVE = YES;
				CLANG_WARN_UNGUARDED_AVAILABILITY = YES_AGGRESSIVE;
				CLANG_WARN_UNREACHABLE_CODE = YES;
				CLANG_WARN__DUPLICATE_METHOD_MATCH = YES;
				COPY_PHASE_STRIP = NO;
				DEBUG_INFORMATION_FORMAT = "dwarf-with-dsym";
				ENABLE_NS_ASSERTIONS = NO;
				ENABLE_STRICT_OBJC_MSGSEND = YES;
				ENABLE_USER_SCRIPT_SANDBOXING = YES;
				GCC_C_LANGUAGE_STANDARD = gnu17;
				GCC_NO_COMMON_BLOCKS = YES;
				GCC_WARN_64_TO_32_BIT_CONVERSION = YES;
				GCC_WARN_ABOUT_RETURN_TYPE = YES_ERROR;
				GCC_WARN_UNDECLARED_SELECTOR = YES;
				GCC_WARN_UNINITIALIZED_AUTOS = YES_AGGRESSIVE;
				GCC_WARN_UNUSED_FUNCTION = YES;
				GCC_WARN_UNUSED_VARIABLE = YES;
				IPHONEOS_DEPLOYMENT_TARGET = 17.4;
				LOCALIZATION_PREFERS_STRING_CATALOGS = YES;
				MTL_ENABLE_DEBUG_INFO = NO;
				MTL_FAST_MATH = YES;
				SDKROOT = iphoneos;
				SWIFT_COMPILATION_MODE = wholemodule;
				VALIDATE_PRODUCT = YES;
			};
			name = Release;
		};
		2CE85CAB2BEBA0220063F36F /* Debug */ = {
			isa = XCBuildConfiguration;
			buildSettings = {
				ASSETCATALOG_COMPILER_APPICON_NAME = AppIcon;
				ASSETCATALOG_COMPILER_GLOBAL_ACCENT_COLOR_NAME = AccentColor;
				CODE_SIGN_ENTITLEMENTS = Beev/Beev.entitlements;
				CODE_SIGN_STYLE = Automatic;
				CURRENT_PROJECT_VERSION = 1;
				DEVELOPMENT_ASSET_PATHS = "\"Beev/Preview Content\"";
				DEVELOPMENT_TEAM = 595ULKU252;
				ENABLE_PREVIEWS = YES;
				GENERATE_INFOPLIST_FILE = YES;
				INFOPLIST_FILE = Beev/Info.plist;
				INFOPLIST_KEY_NSLocationWhenInUseUsageDescription = myPosition;
				INFOPLIST_KEY_UIApplicationSceneManifest_Generation = YES;
				INFOPLIST_KEY_UIApplicationSupportsIndirectInputEvents = YES;
				INFOPLIST_KEY_UILaunchScreen_Generation = YES;
				INFOPLIST_KEY_UISupportedInterfaceOrientations_iPad = "UIInterfaceOrientationPortrait UIInterfaceOrientationPortraitUpsideDown UIInterfaceOrientationLandscapeLeft UIInterfaceOrientationLandscapeRight";
				INFOPLIST_KEY_UISupportedInterfaceOrientations_iPhone = "UIInterfaceOrientationPortrait UIInterfaceOrientationLandscapeLeft UIInterfaceOrientationLandscapeRight";
				LD_RUNPATH_SEARCH_PATHS = (
					"$(inherited)",
					"@executable_path/Frameworks",
				);
				MARKETING_VERSION = 1.0;
				PRODUCT_BUNDLE_IDENTIFIER = com.mida.Beev;
				PRODUCT_NAME = "$(TARGET_NAME)";
				SWIFT_EMIT_LOC_STRINGS = YES;
				SWIFT_VERSION = 5.0;
				TARGETED_DEVICE_FAMILY = "1,2";
			};
			name = Debug;
		};
		2CE85CAC2BEBA0220063F36F /* Release */ = {
			isa = XCBuildConfiguration;
			buildSettings = {
				ASSETCATALOG_COMPILER_APPICON_NAME = AppIcon;
				ASSETCATALOG_COMPILER_GLOBAL_ACCENT_COLOR_NAME = AccentColor;
				CODE_SIGN_ENTITLEMENTS = Beev/Beev.entitlements;
				CODE_SIGN_STYLE = Automatic;
				CURRENT_PROJECT_VERSION = 1;
				DEVELOPMENT_ASSET_PATHS = "\"Beev/Preview Content\"";
				DEVELOPMENT_TEAM = 595ULKU252;
				ENABLE_PREVIEWS = YES;
				GENERATE_INFOPLIST_FILE = YES;
				INFOPLIST_FILE = Beev/Info.plist;
				INFOPLIST_KEY_NSLocationWhenInUseUsageDescription = myPosition;
				INFOPLIST_KEY_UIApplicationSceneManifest_Generation = YES;
				INFOPLIST_KEY_UIApplicationSupportsIndirectInputEvents = YES;
				INFOPLIST_KEY_UILaunchScreen_Generation = YES;
				INFOPLIST_KEY_UISupportedInterfaceOrientations_iPad = "UIInterfaceOrientationPortrait UIInterfaceOrientationPortraitUpsideDown UIInterfaceOrientationLandscapeLeft UIInterfaceOrientationLandscapeRight";
				INFOPLIST_KEY_UISupportedInterfaceOrientations_iPhone = "UIInterfaceOrientationPortrait UIInterfaceOrientationLandscapeLeft UIInterfaceOrientationLandscapeRight";
				LD_RUNPATH_SEARCH_PATHS = (
					"$(inherited)",
					"@executable_path/Frameworks",
				);
				MARKETING_VERSION = 1.0;
				PRODUCT_BUNDLE_IDENTIFIER = com.mida.Beev;
				PRODUCT_NAME = "$(TARGET_NAME)";
				SWIFT_EMIT_LOC_STRINGS = YES;
				SWIFT_VERSION = 5.0;
				TARGETED_DEVICE_FAMILY = "1,2";
			};
			name = Release;
		};
/* End XCBuildConfiguration section */

/* Begin XCConfigurationList section */
		2CE85C922BEBA0200063F36F /* Build configuration list for PBXProject "Beev" */ = {
			isa = XCConfigurationList;
			buildConfigurations = (
				2CE85CA82BEBA0220063F36F /* Debug */,
				2CE85CA92BEBA0220063F36F /* Release */,
			);
			defaultConfigurationIsVisible = 0;
			defaultConfigurationName = Release;
		};
		2CE85CAA2BEBA0220063F36F /* Build configuration list for PBXNativeTarget "Beev" */ = {
			isa = XCConfigurationList;
			buildConfigurations = (
				2CE85CAB2BEBA0220063F36F /* Debug */,
				2CE85CAC2BEBA0220063F36F /* Release */,
			);
			defaultConfigurationIsVisible = 0;
			defaultConfigurationName = Release;
		};
/* End XCConfigurationList section */

/* Begin XCVersionGroup section */
		2CE85CA52BEBA0220063F36F /* Beev.xcdatamodeld */ = {
			isa = XCVersionGroup;
			children = (
				2CE85CA62BEBA0220063F36F /* Beev.xcdatamodel */,
			);
			currentVersion = 2CE85CA62BEBA0220063F36F /* Beev.xcdatamodel */;
			path = Beev.xcdatamodeld;
			sourceTree = "<group>";
			versionGroupType = wrapper.xcdatamodel;
		};
/* End XCVersionGroup section */
	};
	rootObject = 2CE85C8F2BEBA0200063F36F /* Project object */;
}
